
Microsoft Visual Studio Solution File, Format Version 12.00
# Visual Studio Version 17
VisualStudioVersion = 17.4.33122.133
MinimumVisualStudioVersion = 10.0.40219.1
Project("{FAE04EC0-301F-11D3-BF4B-00C04F79EFBC}") = "VisionPos", "VisionPos\VisionPos.csproj", "{EEE8F47C-C3C8-46DA-A999-DCD63F332315}"
EndProject
Global
	GlobalSection(SolutionConfigurationPlatforms) = preSolution
		Debug|Any CPU = Debug|Any CPU
		Release|Any CPU = Release|Any CPU
	EndGlobalSection
	GlobalSection(ProjectConfigurationPlatforms) = postSolution
		{EEE8F47C-C3C8-46DA-A999-DCD63F332315}.Debug|Any CPU.ActiveCfg = Debug|Any CPU
		{EEE8F47C-C3C8-46DA-A999-DCD63F332315}.Debug|Any CPU.Build.0 = Debug|Any CPU
		{EEE8F47C-C3C8-46DA-A999-DCD63F332315}.Release|Any CPU.ActiveCfg = Release|Any CPU
		{EEE8F47C-C3C8-46DA-A999-DCD63F332315}.Release|Any CPU.Build.0 = Release|Any CPU
	EndGlobalSection
	GlobalSection(SolutionProperties) = preSolution
		HideSolutionNode = FALSE
	EndGlobalSection
	GlobalSection(ExtensibilityGlobals) = postSolution
		SolutionGuid = {77FED470-07B9-4648-B7B5-27A5633E3C7A}
	EndGlobalSection
EndGlobal
